
Microsoft Visual Studio Solution File, Format Version 12.00
# Visual Studio Version 17
VisualStudioVersion = 17.0.31903.59
MinimumVisualStudioVersion = 10.0.40219.1
Project("{2150E333-8FDC-42A3-9474-1A3956D46DE8}") = "server", "server", "{DAD03CFC-D5FA-AC94-41C7-9ABAB326F09E}"
EndProject
Project("{FAE04EC0-301F-11D3-BF4B-00C04F79EFBC}") = "GoogDocsLite.Server", "server\GoogDocsLite.Server\GoogDocsLite.Server.csproj", "{B0C13E60-6006-434F-8D1F-EA04F6FA24C6}"
EndProject
Project("{FAE04EC0-301F-11D3-BF4B-00C04F79EFBC}") = "GoogDocsLite.Client", "client\GoogDocsLite.Client\GoogDocsLite.Client.csproj", "{37BDC9D7-C390-4DA1-BEEC-E6013AF047C2}"
EndProject
Project("{FAE04EC0-301F-11D3-BF4B-00C04F79EFBC}") = "GoogDocsLite.Shared", "shared\GoogDocsLite.Shared\GoogDocsLite.Shared.csproj", "{DF8874AC-DE23-4FE4-A540-EFBD0ECEDD53}"
EndProject
Global
	GlobalSection(SolutionConfigurationPlatforms) = preSolution
		Debug|Any CPU = Debug|Any CPU
		Debug|x64 = Debug|x64
		Debug|x86 = Debug|x86
		Release|Any CPU = Release|Any CPU
		Release|x64 = Release|x64
		Release|x86 = Release|x86
	EndGlobalSection
	GlobalSection(ProjectConfigurationPlatforms) = postSolution
		{B0C13E60-6006-434F-8D1F-EA04F6FA24C6}.Debug|Any CPU.ActiveCfg = Debug|Any CPU
		{B0C13E60-6006-434F-8D1F-EA04F6FA24C6}.Debug|Any CPU.Build.0 = Debug|Any CPU
		{B0C13E60-6006-434F-8D1F-EA04F6FA24C6}.Debug|x64.ActiveCfg = Debug|Any CPU
		{B0C13E60-6006-434F-8D1F-EA04F6FA24C6}.Debug|x64.Build.0 = Debug|Any CPU
		{B0C13E60-6006-434F-8D1F-EA04F6FA24C6}.Debug|x86.ActiveCfg = Debug|Any CPU
		{B0C13E60-6006-434F-8D1F-EA04F6FA24C6}.Debug|x86.Build.0 = Debug|Any CPU
		{B0C13E60-6006-434F-8D1F-EA04F6FA24C6}.Release|Any CPU.ActiveCfg = Release|Any CPU
		{B0C13E60-6006-434F-8D1F-EA04F6FA24C6}.Release|Any CPU.Build.0 = Release|Any CPU
		{B0C13E60-6006-434F-8D1F-EA04F6FA24C6}.Release|x64.ActiveCfg = Release|Any CPU
		{B0C13E60-6006-434F-8D1F-EA04F6FA24C6}.Release|x64.Build.0 = Release|Any CPU
		{B0C13E60-6006-434F-8D1F-EA04F6FA24C6}.Release|x86.ActiveCfg = Release|Any CPU
		{B0C13E60-6006-434F-8D1F-EA04F6FA24C6}.Release|x86.Build.0 = Release|Any CPU
		{37BDC9D7-C390-4DA1-BEEC-E6013AF047C2}.Debug|Any CPU.ActiveCfg = Debug|Any CPU
		{37BDC9D7-C390-4DA1-BEEC-E6013AF047C2}.Debug|Any CPU.Build.0 = Debug|Any CPU
		{37BDC9D7-C390-4DA1-BEEC-E6013AF047C2}.Debug|x64.ActiveCfg = Debug|Any CPU
		{37BDC9D7-C390-4DA1-BEEC-E6013AF047C2}.Debug|x64.Build.0 = Debug|Any CPU
		{37BDC9D7-C390-4DA1-BEEC-E6013AF047C2}.Debug|x86.ActiveCfg = Debug|Any CPU
		{37BDC9D7-C390-4DA1-BEEC-E6013AF047C2}.Debug|x86.Build.0 = Debug|Any CPU
		{37BDC9D7-C390-4DA1-BEEC-E6013AF047C2}.Release|Any CPU.ActiveCfg = Release|Any CPU
		{37BDC9D7-C390-4DA1-BEEC-E6013AF047C2}.Release|Any CPU.Build.0 = Release|Any CPU
		{37BDC9D7-C390-4DA1-BEEC-E6013AF047C2}.Release|x64.ActiveCfg = Release|Any CPU
		{37BDC9D7-C390-4DA1-BEEC-E6013AF047C2}.Release|x64.Build.0 = Release|Any CPU
		{37BDC9D7-C390-4DA1-BEEC-E6013AF047C2}.Release|x86.ActiveCfg = Release|Any CPU
		{37BDC9D7-C390-4DA1-BEEC-E6013AF047C2}.Release|x86.Build.0 = Release|Any CPU
		{DF8874AC-DE23-4FE4-A540-EFBD0ECEDD53}.Debug|Any CPU.ActiveCfg = Debug|Any CPU
		{DF8874AC-DE23-4FE4-A540-EFBD0ECEDD53}.Debug|Any CPU.Build.0 = Debug|Any CPU
		{DF8874AC-DE23-4FE4-A540-EFBD0ECEDD53}.Debug|x64.ActiveCfg = Debug|Any CPU
		{DF8874AC-DE23-4FE4-A540-EFBD0ECEDD53}.Debug|x64.Build.0 = Debug|Any CPU
		{DF8874AC-DE23-4FE4-A540-EFBD0ECEDD53}.Debug|x86.ActiveCfg = Debug|Any CPU
		{DF8874AC-DE23-4FE4-A540-EFBD0ECEDD53}.Debug|x86.Build.0 = Debug|Any CPU
		{DF8874AC-DE23-4FE4-A540-EFBD0ECEDD53}.Release|Any CPU.ActiveCfg = Release|Any CPU
		{DF8874AC-DE23-4FE4-A540-EFBD0ECEDD53}.Release|Any CPU.Build.0 = Release|Any CPU
		{DF8874AC-DE23-4FE4-A540-EFBD0ECEDD53}.Release|x64.ActiveCfg = Release|Any CPU
		{DF8874AC-DE23-4FE4-A540-EFBD0ECEDD53}.Release|x64.Build.0 = Release|Any CPU
		{DF8874AC-DE23-4FE4-A540-EFBD0ECEDD53}.Release|x86.ActiveCfg = Release|Any CPU
		{DF8874AC-DE23-4FE4-A540-EFBD0ECEDD53}.Release|x86.Build.0 = Release|Any CPU
	EndGlobalSection
	GlobalSection(SolutionProperties) = preSolution
		HideSolutionNode = FALSE
	EndGlobalSection
	GlobalSection(NestedProjects) = preSolution
		{B0C13E60-6006-434F-8D1F-EA04F6FA24C6} = {DAD03CFC-D5FA-AC94-41C7-9ABAB326F09E}
		{37BDC9D7-C390-4DA1-BEEC-E6013AF047C2} = {DAD03CFC-D5FA-AC94-41C7-9ABAB326F09E}
		{DF8874AC-DE23-4FE4-A540-EFBD0ECEDD53} = {DAD03CFC-D5FA-AC94-41C7-9ABAB326F09E}
	EndGlobalSection
EndGlobal
